
Microsoft Visual Studio Solution File, Format Version 12.00
# Visual Studio Version 17
VisualStudioVersion = 17.9.34622.214
MinimumVisualStudioVersion = 10.0.40219.1
Project("{8BC9CEB8-8B4A-11D0-8D11-00A0C91BC942}") = "FindMax", "FindMax.vcxproj", "{F44BCA58-A975-4BE6-871A-BB9FF9CC99D1}"
EndProject
Project("{8BC9CEB8-8B4A-11D0-8D11-00A0C91BC942}") = "FindMaxTest", "..\FindMaxTest\FindMaxTest.vcxproj", "{4283AC1F-4FEF-4F65-84DC-3C9BB59DE4D3}"
EndProject
Global
	GlobalSection(SolutionConfigurationPlatforms) = preSolution
		Debug|x64 = Debug|x64
		Debug|x86 = Debug|x86
		Release|x64 = Release|x64
		Release|x86 = Release|x86
	EndGlobalSection
	GlobalSection(ProjectConfigurationPlatforms) = postSolution
		{F44BCA58-A975-4BE6-871A-BB9FF9CC99D1}.Debug|x64.ActiveCfg = Debug|x64
		{F44BCA58-A975-4BE6-871A-BB9FF9CC99D1}.Debug|x64.Build.0 = Debug|x64
		{F44BCA58-A975-4BE6-871A-BB9FF9CC99D1}.Debug|x86.ActiveCfg = Debug|Win32
		{F44BCA58-A975-4BE6-871A-BB9FF9CC99D1}.Debug|x86.Build.0 = Debug|Win32
		{F44BCA58-A975-4BE6-871A-BB9FF9CC99D1}.Release|x64.ActiveCfg = Release|x64
		{F44BCA58-A975-4BE6-871A-BB9FF9CC99D1}.Release|x64.Build.0 = Release|x64
		{F44BCA58-A975-4BE6-871A-BB9FF9CC99D1}.Release|x86.ActiveCfg = Release|Win32
		{F44BCA58-A975-4BE6-871A-BB9FF9CC99D1}.Release|x86.Build.0 = Release|Win32
		{4283AC1F-4FEF-4F65-84DC-3C9BB59DE4D3}.Debug|x64.ActiveCfg = Debug|x64
		{4283AC1F-4FEF-4F65-84DC-3C9BB59DE4D3}.Debug|x64.Build.0 = Debug|x64
		{4283AC1F-4FEF-4F65-84DC-3C9BB59DE4D3}.Debug|x86.ActiveCfg = Debug|Win32
		{4283AC1F-4FEF-4F65-84DC-3C9BB59DE4D3}.Debug|x86.Build.0 = Debug|Win32
		{4283AC1F-4FEF-4F65-84DC-3C9BB59DE4D3}.Release|x64.ActiveCfg = Release|x64
		{4283AC1F-4FEF-4F65-84DC-3C9BB59DE4D3}.Release|x64.Build.0 = Release|x64
		{4283AC1F-4FEF-4F65-84DC-3C9BB59DE4D3}.Release|x86.ActiveCfg = Release|Win32
		{4283AC1F-4FEF-4F65-84DC-3C9BB59DE4D3}.Release|x86.Build.0 = Release|Win32
	EndGlobalSection
	GlobalSection(SolutionProperties) = preSolution
		HideSolutionNode = FALSE
	EndGlobalSection
	GlobalSection(ExtensibilityGlobals) = postSolution
		SolutionGuid = {B68B40F3-F3D5-4024-80A2-FE6CB0EC85C4}
	EndGlobalSection
EndGlobal
