
Microsoft Visual Studio Solution File, Format Version 12.00
# Visual Studio Version 17
VisualStudioVersion = 17.9.34622.214
MinimumVisualStudioVersion = 10.0.40219.1
Project("{8BC9CEB8-8B4A-11D0-8D11-00A0C91BC942}") = "CMyStack", "CMyStack.vcxproj", "{5F0FA1E5-3EE8-451E-BF24-479D6B1DE8F5}"
EndProject
Project("{8BC9CEB8-8B4A-11D0-8D11-00A0C91BC942}") = "MyStackTest", "..\MyStackTest\MyStackTest.vcxproj", "{52510973-1AAD-4588-9D15-AC63C88D17A4}"
EndProject
Global
	GlobalSection(SolutionConfigurationPlatforms) = preSolution
		Debug|x64 = Debug|x64
		Debug|x86 = Debug|x86
		Release|x64 = Release|x64
		Release|x86 = Release|x86
	EndGlobalSection
	GlobalSection(ProjectConfigurationPlatforms) = postSolution
		{5F0FA1E5-3EE8-451E-BF24-479D6B1DE8F5}.Debug|x64.ActiveCfg = Debug|x64
		{5F0FA1E5-3EE8-451E-BF24-479D6B1DE8F5}.Debug|x64.Build.0 = Debug|x64
		{5F0FA1E5-3EE8-451E-BF24-479D6B1DE8F5}.Debug|x86.ActiveCfg = Debug|Win32
		{5F0FA1E5-3EE8-451E-BF24-479D6B1DE8F5}.Debug|x86.Build.0 = Debug|Win32
		{5F0FA1E5-3EE8-451E-BF24-479D6B1DE8F5}.Release|x64.ActiveCfg = Release|x64
		{5F0FA1E5-3EE8-451E-BF24-479D6B1DE8F5}.Release|x64.Build.0 = Release|x64
		{5F0FA1E5-3EE8-451E-BF24-479D6B1DE8F5}.Release|x86.ActiveCfg = Release|Win32
		{5F0FA1E5-3EE8-451E-BF24-479D6B1DE8F5}.Release|x86.Build.0 = Release|Win32
		{52510973-1AAD-4588-9D15-AC63C88D17A4}.Debug|x64.ActiveCfg = Debug|x64
		{52510973-1AAD-4588-9D15-AC63C88D17A4}.Debug|x64.Build.0 = Debug|x64
		{52510973-1AAD-4588-9D15-AC63C88D17A4}.Debug|x86.ActiveCfg = Debug|Win32
		{52510973-1AAD-4588-9D15-AC63C88D17A4}.Debug|x86.Build.0 = Debug|Win32
		{52510973-1AAD-4588-9D15-AC63C88D17A4}.Release|x64.ActiveCfg = Release|x64
		{52510973-1AAD-4588-9D15-AC63C88D17A4}.Release|x64.Build.0 = Release|x64
		{52510973-1AAD-4588-9D15-AC63C88D17A4}.Release|x86.ActiveCfg = Release|Win32
		{52510973-1AAD-4588-9D15-AC63C88D17A4}.Release|x86.Build.0 = Release|Win32
	EndGlobalSection
	GlobalSection(SolutionProperties) = preSolution
		HideSolutionNode = FALSE
	EndGlobalSection
	GlobalSection(ExtensibilityGlobals) = postSolution
		SolutionGuid = {ABB777C3-B7DC-4D44-AAD8-B6833DFF3758}
	EndGlobalSection
EndGlobal
